
Microsoft Visual Studio Solution File, Format Version 12.00
# Visual Studio Version 16
VisualStudioVersion = 16.0.30114.105
MinimumVisualStudioVersion = 10.0.40219.1
Project("{FAE04EC0-301F-11D3-BF4B-00C04F79EFBC}") = "WebApiAjax", "WebApiAjax\WebApiAjax.csproj", "{9094BBA4-ABE8-46E6-92DA-CC6B75330C2F}"
EndProject
Global
	GlobalSection(SolutionConfigurationPlatforms) = preSolution
		Debug|Any CPU = Debug|Any CPU
		Release|Any CPU = Release|Any CPU
	EndGlobalSection
	GlobalSection(ProjectConfigurationPlatforms) = postSolution
		{9094BBA4-ABE8-46E6-92DA-CC6B75330C2F}.Debug|Any CPU.ActiveCfg = Debug|Any CPU
		{9094BBA4-ABE8-46E6-92DA-CC6B75330C2F}.Debug|Any CPU.Build.0 = Debug|Any CPU
		{9094BBA4-ABE8-46E6-92DA-CC6B75330C2F}.Release|Any CPU.ActiveCfg = Release|Any CPU
		{9094BBA4-ABE8-46E6-92DA-CC6B75330C2F}.Release|Any CPU.Build.0 = Release|Any CPU
	EndGlobalSection
	GlobalSection(SolutionProperties) = preSolution
		HideSolutionNode = FALSE
	EndGlobalSection
	GlobalSection(ExtensibilityGlobals) = postSolution
		SolutionGuid = {9550B902-DA35-4FA8-8815-33E6C931CFBE}
	EndGlobalSection
EndGlobal
